
Microsoft Visual Studio Solution File, Format Version 12.00
# Visual Studio Version 16
VisualStudioVersion = 16.0.29728.190
MinimumVisualStudioVersion = 10.0.40219.1
Project("{FAE04EC0-301F-11D3-BF4B-00C04F79EFBC}") = "AS2GaryYutonBao", "AS2GaryYutonBao\AS2GaryYutonBao.csproj", "{ED7F0634-27B5-4B14-A3CF-BB3FA4208EA6}"
EndProject
Global
	GlobalSection(SolutionConfigurationPlatforms) = preSolution
		Debug|Any CPU = Debug|Any CPU
		Release|Any CPU = Release|Any CPU
	EndGlobalSection
	GlobalSection(ProjectConfigurationPlatforms) = postSolution
		{ED7F0634-27B5-4B14-A3CF-BB3FA4208EA6}.Debug|Any CPU.ActiveCfg = Debug|Any CPU
		{ED7F0634-27B5-4B14-A3CF-BB3FA4208EA6}.Debug|Any CPU.Build.0 = Debug|Any CPU
		{ED7F0634-27B5-4B14-A3CF-BB3FA4208EA6}.Release|Any CPU.ActiveCfg = Release|Any CPU
		{ED7F0634-27B5-4B14-A3CF-BB3FA4208EA6}.Release|Any CPU.Build.0 = Release|Any CPU
	EndGlobalSection
	GlobalSection(SolutionProperties) = preSolution
		HideSolutionNode = FALSE
	EndGlobalSection
	GlobalSection(ExtensibilityGlobals) = postSolution
		SolutionGuid = {762BBD06-1F11-402F-B76E-998B8B3896A0}
	EndGlobalSection
EndGlobal
